
Microsoft Visual Studio Solution File, Format Version 11.00
# Visual Studio 2010
# SharpDevelop 4.4
Project("{FAE04EC0-301F-11D3-BF4B-00C04F79EFBC}") = "EnfolderSendTo", "EnfolderSendTo.csproj", "{A59880B6-D918-4FAB-B6AD-71B8BF7754AE}"
EndProject
Global
	GlobalSection(SolutionConfigurationPlatforms) = preSolution
		Debug|Any CPU = Debug|Any CPU
		Release|Any CPU = Release|Any CPU
	EndGlobalSection
	GlobalSection(ProjectConfigurationPlatforms) = postSolution
		{A59880B6-D918-4FAB-B6AD-71B8BF7754AE}.Debug|Any CPU.Build.0 = Debug|Any CPU
		{A59880B6-D918-4FAB-B6AD-71B8BF7754AE}.Debug|Any CPU.ActiveCfg = Debug|Any CPU
		{A59880B6-D918-4FAB-B6AD-71B8BF7754AE}.Release|Any CPU.Build.0 = Release|Any CPU
		{A59880B6-D918-4FAB-B6AD-71B8BF7754AE}.Release|Any CPU.ActiveCfg = Release|Any CPU
	EndGlobalSection
EndGlobal
